{
    "name": "your-project",
    "version": "1.0.0",
    "lockfileVersion": 2,
    "requires": true,
    "dependencies": {
        "your-dependency": {
            "version": "1.0.0",
            "resolved": "https://registry.npmjs.org/your-dependency/-/your-dependency-1.0.0.tgz",
            "inegrity": "sha512-..."
        }
    }
}
